// !$*UTF8*$!
{
	archiveVersion = 1;
	classes = {
	};
	objectVersion = 55;
	objects = {

/* Begin PBXBuildFile section */
		B80D7CA5278345EC00DEB25F /* MagikoApp.swift in Sources */ = {isa = PBXBuildFile; fileRef = B80D7CA4278345EC00DEB25F /* MagikoApp.swift */; };
		B80D7CA9278345EE00DEB25F /* Assets.xcassets in Resources */ = {isa = PBXBuildFile; fileRef = B80D7CA8278345EE00DEB25F /* Assets.xcassets */; };
		B80D7CAC278345EE00DEB25F /* Preview Assets.xcassets in Resources */ = {isa = PBXBuildFile; fileRef = B80D7CAB278345EE00DEB25F /* Preview Assets.xcassets */; };
		B80D7CB6278345EE00DEB25F /* MagikoTests.swift in Sources */ = {isa = PBXBuildFile; fileRef = B80D7CB5278345EE00DEB25F /* MagikoTests.swift */; };
		B80D7CCF2783508E00DEB25F /* MainView.swift in Sources */ = {isa = PBXBuildFile; fileRef = B80D7CCE2783508E00DEB25F /* MainView.swift */; };
		B80D7CD22783536500DEB25F /* Styles.swift in Sources */ = {isa = PBXBuildFile; fileRef = B80D7CD12783536500DEB25F /* Styles.swift */; };
		B80D7CD527835A8700DEB25F /* SettingsView.swift in Sources */ = {isa = PBXBuildFile; fileRef = B80D7CD427835A8700DEB25F /* SettingsView.swift */; };
		B80D7CD727835CD900DEB25F /* Shapes.swift in Sources */ = {isa = PBXBuildFile; fileRef = B80D7CD627835CD900DEB25F /* Shapes.swift */; };
		B80D7CD92783771D00DEB25F /* InfoView.swift in Sources */ = {isa = PBXBuildFile; fileRef = B80D7CD82783771D00DEB25F /* InfoView.swift */; };
		B80D7CDD27837A6400DEB25F /* OverviewView.swift in Sources */ = {isa = PBXBuildFile; fileRef = B80D7CDC27837A6400DEB25F /* OverviewView.swift */; };
		B80D7CE12783A92300DEB25F /* FightSelectionView.swift in Sources */ = {isa = PBXBuildFile; fileRef = B80D7CE02783A92300DEB25F /* FightSelectionView.swift */; };
		B80D7CE327847B8600DEB25F /* LeftSelectionView.swift in Sources */ = {isa = PBXBuildFile; fileRef = B80D7CE227847B8600DEB25F /* LeftSelectionView.swift */; };
		B80D7CE527847BBA00DEB25F /* RightSelectionView.swift in Sources */ = {isa = PBXBuildFile; fileRef = B80D7CE427847BBA00DEB25F /* RightSelectionView.swift */; };
		B80D7CE72784D27500DEB25F /* FightView.swift in Sources */ = {isa = PBXBuildFile; fileRef = B80D7CE62784D27500DEB25F /* FightView.swift */; };
		B80D7CE92784F4A000DEB25F /* LeftPlayerFightView.swift in Sources */ = {isa = PBXBuildFile; fileRef = B80D7CE82784F4A000DEB25F /* LeftPlayerFightView.swift */; };
		B80D7CEB2784F4F600DEB25F /* RightPlayerFightView.swift in Sources */ = {isa = PBXBuildFile; fileRef = B80D7CEA2784F4F600DEB25F /* RightPlayerFightView.swift */; };
		B80D7CEF2785C09B00DEB25F /* Views.swift in Sources */ = {isa = PBXBuildFile; fileRef = B80D7CEE2785C09B00DEB25F /* Views.swift */; };
		B80D7CF32785F86A00DEB25F /* Fighters in Resources */ = {isa = PBXBuildFile; fileRef = B80D7CF22785F86A00DEB25F /* Fighters */; };
		B80D7CF62785F90500DEB25F /* GlobalData.swift in Sources */ = {isa = PBXBuildFile; fileRef = B80D7CF52785F90500DEB25F /* GlobalData.swift */; };
		B80D7CF8278635CC00DEB25F /* Fighter.swift in Sources */ = {isa = PBXBuildFile; fileRef = B80D7CF7278635CC00DEB25F /* Fighter.swift */; };
		B80D7D01278639BA00DEB25F /* Skills in Resources */ = {isa = PBXBuildFile; fileRef = B80D7D00278639BA00DEB25F /* Skills */; };
		B80D7D03278707B700DEB25F /* FightOverView.swift in Sources */ = {isa = PBXBuildFile; fileRef = B80D7D02278707B600DEB25F /* FightOverView.swift */; };
		B80D7D062787207C00DEB25F /* FightLogic.swift in Sources */ = {isa = PBXBuildFile; fileRef = B80D7D052787207C00DEB25F /* FightLogic.swift */; };
		B80D7D082787558100DEB25F /* Extensions.swift in Sources */ = {isa = PBXBuildFile; fileRef = B80D7D072787558100DEB25F /* Extensions.swift */; };
		B80D7D0A27875EA700DEB25F /* GameLogic.swift in Sources */ = {isa = PBXBuildFile; fileRef = B80D7D0927875EA700DEB25F /* GameLogic.swift */; };
		B80D7D0C27882EA800DEB25F /* Languages in Resources */ = {isa = PBXBuildFile; fileRef = B80D7D0B27882EA800DEB25F /* Languages */; };
		B80D7D0E2788712B00DEB25F /* SkillsView.swift in Sources */ = {isa = PBXBuildFile; fileRef = B80D7D0D2788712B00DEB25F /* SkillsView.swift */; };
		B80D7D102788739200DEB25F /* OptionsView.swift in Sources */ = {isa = PBXBuildFile; fileRef = B80D7D0F2788739200DEB25F /* OptionsView.swift */; };
		B80D7D12278876FC00DEB25F /* TeamView.swift in Sources */ = {isa = PBXBuildFile; fileRef = B80D7D11278876FC00DEB25F /* TeamView.swift */; };
		B81CC3292789A31800908195 /* Element.swift in Sources */ = {isa = PBXBuildFile; fileRef = B81CC3282789A31800908195 /* Element.swift */; };
		B81CC32B2789A5E700908195 /* Elements in Resources */ = {isa = PBXBuildFile; fileRef = B81CC32A2789A5E700908195 /* Elements */; };
		B81CC32D2789D10A00908195 /* Loadouts in Resources */ = {isa = PBXBuildFile; fileRef = B81CC32C2789D10A00908195 /* Loadouts */; };
		B81CC32F278A3C3500908195 /* Localization.swift in Sources */ = {isa = PBXBuildFile; fileRef = B81CC32E278A3C3500908195 /* Localization.swift */; };
		B852514F278CB15C00AD99BE /* EffectApplication.swift in Sources */ = {isa = PBXBuildFile; fileRef = B852514E278CB15C00AD99BE /* EffectApplication.swift */; };
		B8525157278DD49D00AD99BE /* Effects.swift in Sources */ = {isa = PBXBuildFile; fileRef = B8525156278DD49D00AD99BE /* Effects.swift */; };
		B8525159278EFF3900AD99BE /* Abilities.swift in Sources */ = {isa = PBXBuildFile; fileRef = B8525158278EFF3800AD99BE /* Abilities.swift */; };
		B852515F279189D400AD99BE /* TurnLogic.swift in Sources */ = {isa = PBXBuildFile; fileRef = B852515E279189D400AD99BE /* TurnLogic.swift */; };
		B8CDEEBD2793647E0073F5B2 /* TrainingSelectionView.swift in Sources */ = {isa = PBXBuildFile; fileRef = B8CDEEBC2793647E0073F5B2 /* TrainingSelectionView.swift */; };
		B8CDEEBF279366120073F5B2 /* CPUSelectionView.swift in Sources */ = {isa = PBXBuildFile; fileRef = B8CDEEBE279366120073F5B2 /* CPUSelectionView.swift */; };
		B8CDEEC1279376710073F5B2 /* TrainingView.swift in Sources */ = {isa = PBXBuildFile; fileRef = B8CDEEC0279376710073F5B2 /* TrainingView.swift */; };
		B8CDEEC3279377110073F5B2 /* CPUTrainingView.swift in Sources */ = {isa = PBXBuildFile; fileRef = B8CDEEC2279377110073F5B2 /* CPUTrainingView.swift */; };
		B8CDEEC527937CBE0073F5B2 /* TrainingOverView.swift in Sources */ = {isa = PBXBuildFile; fileRef = B8CDEEC427937CBE0073F5B2 /* TrainingOverView.swift */; };
		B8CDEEC8279388890073F5B2 /* CPULogic.swift in Sources */ = {isa = PBXBuildFile; fileRef = B8CDEEC7279388890073F5B2 /* CPULogic.swift */; };
		B8CDEECC279574050073F5B2 /* Loadout.swift in Sources */ = {isa = PBXBuildFile; fileRef = B8CDEECB279574050073F5B2 /* Loadout.swift */; };
		B8EAA7832788870900DD3813 /* Skill.swift in Sources */ = {isa = PBXBuildFile; fileRef = B8EAA7822788870900DD3813 /* Skill.swift */; };
		B8EAA7892788D5B200DD3813 /* DamageCalculator.swift in Sources */ = {isa = PBXBuildFile; fileRef = B8EAA7882788D5B200DD3813 /* DamageCalculator.swift */; };
/* End PBXBuildFile section */

/* Begin PBXContainerItemProxy section */
		B80D7CB2278345EE00DEB25F /* PBXContainerItemProxy */ = {
			isa = PBXContainerItemProxy;
			containerPortal = B80D7C99278345EC00DEB25F /* Project object */;
			proxyType = 1;
			remoteGlobalIDString = B80D7CA0278345EC00DEB25F;
			remoteInfo = Magiko;
		};
/* End PBXContainerItemProxy section */

/* Begin PBXFileReference section */
		B80D7CA1278345EC00DEB25F /* Magiko.app */ = {isa = PBXFileReference; explicitFileType = wrapper.application; includeInIndex = 0; path = Magiko.app; sourceTree = BUILT_PRODUCTS_DIR; };
		B80D7CA4278345EC00DEB25F /* MagikoApp.swift */ = {isa = PBXFileReference; lastKnownFileType = sourcecode.swift; path = MagikoApp.swift; sourceTree = "<group>"; };
		B80D7CA8278345EE00DEB25F /* Assets.xcassets */ = {isa = PBXFileReference; lastKnownFileType = folder.assetcatalog; path = Assets.xcassets; sourceTree = "<group>"; };
		B80D7CAB278345EE00DEB25F /* Preview Assets.xcassets */ = {isa = PBXFileReference; lastKnownFileType = folder.assetcatalog; path = "Preview Assets.xcassets"; sourceTree = "<group>"; };
		B80D7CB1278345EE00DEB25F /* MagikoTests.xctest */ = {isa = PBXFileReference; explicitFileType = wrapper.cfbundle; includeInIndex = 0; path = MagikoTests.xctest; sourceTree = BUILT_PRODUCTS_DIR; };
		B80D7CB5278345EE00DEB25F /* MagikoTests.swift */ = {isa = PBXFileReference; lastKnownFileType = sourcecode.swift; path = MagikoTests.swift; sourceTree = "<group>"; };
		B80D7CCE2783508E00DEB25F /* MainView.swift */ = {isa = PBXFileReference; lastKnownFileType = sourcecode.swift; path = MainView.swift; sourceTree = "<group>"; };
		B80D7CD12783536500DEB25F /* Styles.swift */ = {isa = PBXFileReference; lastKnownFileType = sourcecode.swift; path = Styles.swift; sourceTree = "<group>"; };
		B80D7CD427835A8700DEB25F /* SettingsView.swift */ = {isa = PBXFileReference; lastKnownFileType = sourcecode.swift; path = SettingsView.swift; sourceTree = "<group>"; };
		B80D7CD627835CD900DEB25F /* Shapes.swift */ = {isa = PBXFileReference; lastKnownFileType = sourcecode.swift; path = Shapes.swift; sourceTree = "<group>"; };
		B80D7CD82783771D00DEB25F /* InfoView.swift */ = {isa = PBXFileReference; lastKnownFileType = sourcecode.swift; path = InfoView.swift; sourceTree = "<group>"; };
		B80D7CDC27837A6400DEB25F /* OverviewView.swift */ = {isa = PBXFileReference; lastKnownFileType = sourcecode.swift; path = OverviewView.swift; sourceTree = "<group>"; };
		B80D7CE02783A92300DEB25F /* FightSelectionView.swift */ = {isa = PBXFileReference; lastKnownFileType = sourcecode.swift; path = FightSelectionView.swift; sourceTree = "<group>"; };
		B80D7CE227847B8600DEB25F /* LeftSelectionView.swift */ = {isa = PBXFileReference; lastKnownFileType = sourcecode.swift; path = LeftSelectionView.swift; sourceTree = "<group>"; };
		B80D7CE427847BBA00DEB25F /* RightSelectionView.swift */ = {isa = PBXFileReference; lastKnownFileType = sourcecode.swift; path = RightSelectionView.swift; sourceTree = "<group>"; };
		B80D7CE62784D27500DEB25F /* FightView.swift */ = {isa = PBXFileReference; lastKnownFileType = sourcecode.swift; path = FightView.swift; sourceTree = "<group>"; };
		B80D7CE82784F4A000DEB25F /* LeftPlayerFightView.swift */ = {isa = PBXFileReference; lastKnownFileType = sourcecode.swift; path = LeftPlayerFightView.swift; sourceTree = "<group>"; };
		B80D7CEA2784F4F600DEB25F /* RightPlayerFightView.swift */ = {isa = PBXFileReference; lastKnownFileType = sourcecode.swift; path = RightPlayerFightView.swift; sourceTree = "<group>"; };
		B80D7CEE2785C09B00DEB25F /* Views.swift */ = {isa = PBXFileReference; lastKnownFileType = sourcecode.swift; path = Views.swift; sourceTree = "<group>"; };
		B80D7CF22785F86A00DEB25F /* Fighters */ = {isa = PBXFileReference; lastKnownFileType = folder; path = Fighters; sourceTree = "<group>"; };
		B80D7CF52785F90500DEB25F /* GlobalData.swift */ = {isa = PBXFileReference; lastKnownFileType = sourcecode.swift; path = GlobalData.swift; sourceTree = "<group>"; };
		B80D7CF7278635CC00DEB25F /* Fighter.swift */ = {isa = PBXFileReference; lastKnownFileType = sourcecode.swift; path = Fighter.swift; sourceTree = "<group>"; };
		B80D7D00278639BA00DEB25F /* Skills */ = {isa = PBXFileReference; lastKnownFileType = folder; path = Skills; sourceTree = "<group>"; };
		B80D7D02278707B600DEB25F /* FightOverView.swift */ = {isa = PBXFileReference; lastKnownFileType = sourcecode.swift; path = FightOverView.swift; sourceTree = "<group>"; };
		B80D7D052787207C00DEB25F /* FightLogic.swift */ = {isa = PBXFileReference; lastKnownFileType = sourcecode.swift; path = FightLogic.swift; sourceTree = "<group>"; };
		B80D7D072787558100DEB25F /* Extensions.swift */ = {isa = PBXFileReference; lastKnownFileType = sourcecode.swift; path = Extensions.swift; sourceTree = "<group>"; };
		B80D7D0927875EA700DEB25F /* GameLogic.swift */ = {isa = PBXFileReference; lastKnownFileType = sourcecode.swift; path = GameLogic.swift; sourceTree = "<group>"; };
		B80D7D0B27882EA800DEB25F /* Languages */ = {isa = PBXFileReference; lastKnownFileType = folder; path = Languages; sourceTree = "<group>"; };
		B80D7D0D2788712B00DEB25F /* SkillsView.swift */ = {isa = PBXFileReference; lastKnownFileType = sourcecode.swift; path = SkillsView.swift; sourceTree = "<group>"; };
		B80D7D0F2788739200DEB25F /* OptionsView.swift */ = {isa = PBXFileReference; lastKnownFileType = sourcecode.swift; path = OptionsView.swift; sourceTree = "<group>"; };
		B80D7D11278876FC00DEB25F /* TeamView.swift */ = {isa = PBXFileReference; lastKnownFileType = sourcecode.swift; path = TeamView.swift; sourceTree = "<group>"; };
		B81CC3282789A31800908195 /* Element.swift */ = {isa = PBXFileReference; lastKnownFileType = sourcecode.swift; path = Element.swift; sourceTree = "<group>"; };
		B81CC32A2789A5E700908195 /* Elements */ = {isa = PBXFileReference; lastKnownFileType = folder; path = Elements; sourceTree = "<group>"; };
		B81CC32C2789D10A00908195 /* Loadouts */ = {isa = PBXFileReference; lastKnownFileType = folder; path = Loadouts; sourceTree = "<group>"; };
		B81CC32E278A3C3500908195 /* Localization.swift */ = {isa = PBXFileReference; lastKnownFileType = sourcecode.swift; path = Localization.swift; sourceTree = "<group>"; };
		B852514E278CB15C00AD99BE /* EffectApplication.swift */ = {isa = PBXFileReference; lastKnownFileType = sourcecode.swift; path = EffectApplication.swift; sourceTree = "<group>"; };
		B8525156278DD49D00AD99BE /* Effects.swift */ = {isa = PBXFileReference; lastKnownFileType = sourcecode.swift; path = Effects.swift; sourceTree = "<group>"; };
		B8525158278EFF3800AD99BE /* Abilities.swift */ = {isa = PBXFileReference; lastKnownFileType = sourcecode.swift; path = Abilities.swift; sourceTree = "<group>"; };
		B852515E279189D400AD99BE /* TurnLogic.swift */ = {isa = PBXFileReference; lastKnownFileType = sourcecode.swift; path = TurnLogic.swift; sourceTree = "<group>"; };
		B8CDEEBC2793647E0073F5B2 /* TrainingSelectionView.swift */ = {isa = PBXFileReference; lastKnownFileType = sourcecode.swift; path = TrainingSelectionView.swift; sourceTree = "<group>"; };
		B8CDEEBE279366120073F5B2 /* CPUSelectionView.swift */ = {isa = PBXFileReference; lastKnownFileType = sourcecode.swift; path = CPUSelectionView.swift; sourceTree = "<group>"; };
		B8CDEEC0279376710073F5B2 /* TrainingView.swift */ = {isa = PBXFileReference; lastKnownFileType = sourcecode.swift; path = TrainingView.swift; sourceTree = "<group>"; };
		B8CDEEC2279377110073F5B2 /* CPUTrainingView.swift */ = {isa = PBXFileReference; lastKnownFileType = sourcecode.swift; path = CPUTrainingView.swift; sourceTree = "<group>"; };
		B8CDEEC427937CBE0073F5B2 /* TrainingOverView.swift */ = {isa = PBXFileReference; lastKnownFileType = sourcecode.swift; path = TrainingOverView.swift; sourceTree = "<group>"; };
		B8CDEEC7279388890073F5B2 /* CPULogic.swift */ = {isa = PBXFileReference; lastKnownFileType = sourcecode.swift; path = CPULogic.swift; sourceTree = "<group>"; };
		B8CDEECB279574050073F5B2 /* Loadout.swift */ = {isa = PBXFileReference; lastKnownFileType = sourcecode.swift; path = Loadout.swift; sourceTree = "<group>"; };
		B8EAA7822788870900DD3813 /* Skill.swift */ = {isa = PBXFileReference; lastKnownFileType = sourcecode.swift; path = Skill.swift; sourceTree = "<group>"; };
		B8EAA7882788D5B200DD3813 /* DamageCalculator.swift */ = {isa = PBXFileReference; lastKnownFileType = sourcecode.swift; path = DamageCalculator.swift; sourceTree = "<group>"; };
/* End PBXFileReference section */

/* Begin PBXFrameworksBuildPhase section */
		B80D7C9E278345EC00DEB25F /* Frameworks */ = {
			isa = PBXFrameworksBuildPhase;
			buildActionMask = 2147483647;
			files = (
			);
			runOnlyForDeploymentPostprocessing = 0;
		};
		B80D7CAE278345EE00DEB25F /* Frameworks */ = {
			isa = PBXFrameworksBuildPhase;
			buildActionMask = 2147483647;
			files = (
			);
			runOnlyForDeploymentPostprocessing = 0;
		};
/* End PBXFrameworksBuildPhase section */

/* Begin PBXGroup section */
		B80D7C98278345EC00DEB25F = {
			isa = PBXGroup;
			children = (
				B80D7CA3278345EC00DEB25F /* Magiko */,
				B80D7CB4278345EE00DEB25F /* MagikoTests */,
				B80D7CA2278345EC00DEB25F /* Products */,
			);
			sourceTree = "<group>";
		};
		B80D7CA2278345EC00DEB25F /* Products */ = {
			isa = PBXGroup;
			children = (
				B80D7CA1278345EC00DEB25F /* Magiko.app */,
				B80D7CB1278345EE00DEB25F /* MagikoTests.xctest */,
			);
			name = Products;
			sourceTree = "<group>";
		};
		B80D7CA3278345EC00DEB25F /* Magiko */ = {
			isa = PBXGroup;
			children = (
				B80D7D0427871EF500DEB25F /* Logic */,
				B80D7CF12785F85200DEB25F /* Data */,
				B80D7CA4278345EC00DEB25F /* MagikoApp.swift */,
				B80D7CD32783539000DEB25F /* Views */,
				B80D7CD02783534700DEB25F /* UIStyles */,
				B80D7CA8278345EE00DEB25F /* Assets.xcassets */,
				B80D7CAA278345EE00DEB25F /* Preview Content */,
			);
			path = Magiko;
			sourceTree = "<group>";
		};
		B80D7CAA278345EE00DEB25F /* Preview Content */ = {
			isa = PBXGroup;
			children = (
				B80D7CAB278345EE00DEB25F /* Preview Assets.xcassets */,
			);
			path = "Preview Content";
			sourceTree = "<group>";
		};
		B80D7CB4278345EE00DEB25F /* MagikoTests */ = {
			isa = PBXGroup;
			children = (
				B80D7CB5278345EE00DEB25F /* MagikoTests.swift */,
			);
			path = MagikoTests;
			sourceTree = "<group>";
		};
		B80D7CD02783534700DEB25F /* UIStyles */ = {
			isa = PBXGroup;
			children = (
				B80D7CD12783536500DEB25F /* Styles.swift */,
				B80D7CD627835CD900DEB25F /* Shapes.swift */,
			);
			path = UIStyles;
			sourceTree = "<group>";
		};
		B80D7CD32783539000DEB25F /* Views */ = {
			isa = PBXGroup;
			children = (
				B8CDEEC62793877F0073F5B2 /* FightOver */,
				B80D7D14278884AC00DEB25F /* Selection */,
				B80D7D13278884A200DEB25F /* Fight */,
				B80D7CCE2783508E00DEB25F /* MainView.swift */,
				B80D7CDC27837A6400DEB25F /* OverviewView.swift */,
				B80D7CD427835A8700DEB25F /* SettingsView.swift */,
				B80D7CD82783771D00DEB25F /* InfoView.swift */,
				B80D7CEE2785C09B00DEB25F /* Views.swift */,
			);
			path = Views;
			sourceTree = "<group>";
		};
		B80D7CF12785F85200DEB25F /* Data */ = {
			isa = PBXGroup;
			children = (
				B81CC32C2789D10A00908195 /* Loadouts */,
				B81CC32A2789A5E700908195 /* Elements */,
				B80D7D0B27882EA800DEB25F /* Languages */,
				B80D7D00278639BA00DEB25F /* Skills */,
				B80D7CF22785F86A00DEB25F /* Fighters */,
			);
			path = Data;
			sourceTree = "<group>";
		};
		B80D7D0427871EF500DEB25F /* Logic */ = {
			isa = PBXGroup;
			children = (
				B8525155278CD4C800AD99BE /* ViewsLogic */,
				B8525154278CD4BF00AD99BE /* DataLogic */,
				B80D7D072787558100DEB25F /* Extensions.swift */,
				B81CC32E278A3C3500908195 /* Localization.swift */,
				B80D7CF52785F90500DEB25F /* GlobalData.swift */,
			);
			path = Logic;
			sourceTree = "<group>";
		};
		B80D7D13278884A200DEB25F /* Fight */ = {
			isa = PBXGroup;
			children = (
				B80D7CE62784D27500DEB25F /* FightView.swift */,
				B80D7CEA2784F4F600DEB25F /* RightPlayerFightView.swift */,
				B80D7CE82784F4A000DEB25F /* LeftPlayerFightView.swift */,
				B80D7D0D2788712B00DEB25F /* SkillsView.swift */,
				B80D7D0F2788739200DEB25F /* OptionsView.swift */,
				B80D7D11278876FC00DEB25F /* TeamView.swift */,
				B8CDEEC0279376710073F5B2 /* TrainingView.swift */,
				B8CDEEC2279377110073F5B2 /* CPUTrainingView.swift */,
			);
			path = Fight;
			sourceTree = "<group>";
		};
		B80D7D14278884AC00DEB25F /* Selection */ = {
			isa = PBXGroup;
			children = (
				B80D7CE02783A92300DEB25F /* FightSelectionView.swift */,
				B80D7CE427847BBA00DEB25F /* RightSelectionView.swift */,
				B80D7CE227847B8600DEB25F /* LeftSelectionView.swift */,
				B8CDEEBC2793647E0073F5B2 /* TrainingSelectionView.swift */,
				B8CDEEBE279366120073F5B2 /* CPUSelectionView.swift */,
			);
			path = Selection;
			sourceTree = "<group>";
		};
		B8525154278CD4BF00AD99BE /* DataLogic */ = {
			isa = PBXGroup;
			children = (
				B80D7CF7278635CC00DEB25F /* Fighter.swift */,
				B8EAA7822788870900DD3813 /* Skill.swift */,
				B81CC3282789A31800908195 /* Element.swift */,
				B8525156278DD49D00AD99BE /* Effects.swift */,
				B8525158278EFF3800AD99BE /* Abilities.swift */,
				B8CDEECB279574050073F5B2 /* Loadout.swift */,
			);
			path = DataLogic;
			sourceTree = "<group>";
		};
		B8525155278CD4C800AD99BE /* ViewsLogic */ = {
			isa = PBXGroup;
			children = (
				B80D7D052787207C00DEB25F /* FightLogic.swift */,
				B80D7D0927875EA700DEB25F /* GameLogic.swift */,
				B8EAA7882788D5B200DD3813 /* DamageCalculator.swift */,
				B852514E278CB15C00AD99BE /* EffectApplication.swift */,
				B852515E279189D400AD99BE /* TurnLogic.swift */,
				B8CDEEC7279388890073F5B2 /* CPULogic.swift */,
			);
			path = ViewsLogic;
			sourceTree = "<group>";
		};
		B8CDEEC62793877F0073F5B2 /* FightOver */ = {
			isa = PBXGroup;
			children = (
				B80D7D02278707B600DEB25F /* FightOverView.swift */,
				B8CDEEC427937CBE0073F5B2 /* TrainingOverView.swift */,
			);
			path = FightOver;
			sourceTree = "<group>";
		};
/* End PBXGroup section */

/* Begin PBXNativeTarget section */
		B80D7CA0278345EC00DEB25F /* Magiko */ = {
			isa = PBXNativeTarget;
			buildConfigurationList = B80D7CC5278345EE00DEB25F /* Build configuration list for PBXNativeTarget "Magiko" */;
			buildPhases = (
				B80D7C9D278345EC00DEB25F /* Sources */,
				B80D7C9E278345EC00DEB25F /* Frameworks */,
				B80D7C9F278345EC00DEB25F /* Resources */,
			);
			buildRules = (
			);
			dependencies = (
			);
			name = Magiko;
			productName = Magiko;
			productReference = B80D7CA1278345EC00DEB25F /* Magiko.app */;
			productType = "com.apple.product-type.application";
		};
		B80D7CB0278345EE00DEB25F /* MagikoTests */ = {
			isa = PBXNativeTarget;
			buildConfigurationList = B80D7CC8278345EE00DEB25F /* Build configuration list for PBXNativeTarget "MagikoTests" */;
			buildPhases = (
				B80D7CAD278345EE00DEB25F /* Sources */,
				B80D7CAE278345EE00DEB25F /* Frameworks */,
				B80D7CAF278345EE00DEB25F /* Resources */,
			);
			buildRules = (
			);
			dependencies = (
				B80D7CB3278345EE00DEB25F /* PBXTargetDependency */,
			);
			name = MagikoTests;
			productName = MagikoTests;
			productReference = B80D7CB1278345EE00DEB25F /* MagikoTests.xctest */;
			productType = "com.apple.product-type.bundle.unit-test";
		};
/* End PBXNativeTarget section */

/* Begin PBXProject section */
		B80D7C99278345EC00DEB25F /* Project object */ = {
			isa = PBXProject;
			attributes = {
				BuildIndependentTargetsInParallel = 1;
				LastSwiftUpdateCheck = 1310;
				LastUpgradeCheck = 1310;
				TargetAttributes = {
					B80D7CA0278345EC00DEB25F = {
						CreatedOnToolsVersion = 13.1;
					};
					B80D7CB0278345EE00DEB25F = {
						CreatedOnToolsVersion = 13.1;
						TestTargetID = B80D7CA0278345EC00DEB25F;
					};
				};
			};
			buildConfigurationList = B80D7C9C278345EC00DEB25F /* Build configuration list for PBXProject "Magiko" */;
			compatibilityVersion = "Xcode 13.0";
			developmentRegion = en;
			hasScannedForEncodings = 0;
			knownRegions = (
				en,
				Base,
			);
			mainGroup = B80D7C98278345EC00DEB25F;
			productRefGroup = B80D7CA2278345EC00DEB25F /* Products */;
			projectDirPath = "";
			projectRoot = "";
			targets = (
				B80D7CA0278345EC00DEB25F /* Magiko */,
				B80D7CB0278345EE00DEB25F /* MagikoTests */,
			);
		};
/* End PBXProject section */

/* Begin PBXResourcesBuildPhase section */
		B80D7C9F278345EC00DEB25F /* Resources */ = {
			isa = PBXResourcesBuildPhase;
			buildActionMask = 2147483647;
			files = (
				B80D7D01278639BA00DEB25F /* Skills in Resources */,
				B80D7CAC278345EE00DEB25F /* Preview Assets.xcassets in Resources */,
				B80D7CF32785F86A00DEB25F /* Fighters in Resources */,
				B81CC32B2789A5E700908195 /* Elements in Resources */,
				B81CC32D2789D10A00908195 /* Loadouts in Resources */,
				B80D7D0C27882EA800DEB25F /* Languages in Resources */,
				B80D7CA9278345EE00DEB25F /* Assets.xcassets in Resources */,
			);
			runOnlyForDeploymentPostprocessing = 0;
		};
		B80D7CAF278345EE00DEB25F /* Resources */ = {
			isa = PBXResourcesBuildPhase;
			buildActionMask = 2147483647;
			files = (
			);
			runOnlyForDeploymentPostprocessing = 0;
		};
/* End PBXResourcesBuildPhase section */

/* Begin PBXSourcesBuildPhase section */
		B80D7C9D278345EC00DEB25F /* Sources */ = {
			isa = PBXSourcesBuildPhase;
			buildActionMask = 2147483647;
			files = (
				B80D7D0E2788712B00DEB25F /* SkillsView.swift in Sources */,
				B852515F279189D400AD99BE /* TurnLogic.swift in Sources */,
				B8CDEEC3279377110073F5B2 /* CPUTrainingView.swift in Sources */,
				B8CDEEC1279376710073F5B2 /* TrainingView.swift in Sources */,
				B80D7CCF2783508E00DEB25F /* MainView.swift in Sources */,
				B80D7CF8278635CC00DEB25F /* Fighter.swift in Sources */,
				B80D7CE92784F4A000DEB25F /* LeftPlayerFightView.swift in Sources */,
				B852514F278CB15C00AD99BE /* EffectApplication.swift in Sources */,
				B8CDEEC527937CBE0073F5B2 /* TrainingOverView.swift in Sources */,
				B80D7CA5278345EC00DEB25F /* MagikoApp.swift in Sources */,
				B80D7CD527835A8700DEB25F /* SettingsView.swift in Sources */,
				B80D7CE72784D27500DEB25F /* FightView.swift in Sources */,
				B80D7CD22783536500DEB25F /* Styles.swift in Sources */,
				B80D7D082787558100DEB25F /* Extensions.swift in Sources */,
				B80D7CF62785F90500DEB25F /* GlobalData.swift in Sources */,
				B80D7CD92783771D00DEB25F /* InfoView.swift in Sources */,
				B80D7CD727835CD900DEB25F /* Shapes.swift in Sources */,
				B8CDEEC8279388890073F5B2 /* CPULogic.swift in Sources */,
				B80D7CEF2785C09B00DEB25F /* Views.swift in Sources */,
				B8525159278EFF3900AD99BE /* Abilities.swift in Sources */,
				B8CDEECC279574050073F5B2 /* Loadout.swift in Sources */,
				B80D7D12278876FC00DEB25F /* TeamView.swift in Sources */,
				B80D7CEB2784F4F600DEB25F /* RightPlayerFightView.swift in Sources */,
				B8525157278DD49D00AD99BE /* Effects.swift in Sources */,
				B8CDEEBD2793647E0073F5B2 /* TrainingSelectionView.swift in Sources */,
				B8EAA7892788D5B200DD3813 /* DamageCalculator.swift in Sources */,
				B81CC3292789A31800908195 /* Element.swift in Sources */,
				B80D7D062787207C00DEB25F /* FightLogic.swift in Sources */,
				B80D7CE12783A92300DEB25F /* FightSelectionView.swift in Sources */,
				B80D7CDD27837A6400DEB25F /* OverviewView.swift in Sources */,
				B80D7D03278707B700DEB25F /* FightOverView.swift in Sources */,
				B80D7CE527847BBA00DEB25F /* RightSelectionView.swift in Sources */,
				B80D7D102788739200DEB25F /* OptionsView.swift in Sources */,
				B8CDEEBF279366120073F5B2 /* CPUSelectionView.swift in Sources */,
				B81CC32F278A3C3500908195 /* Localization.swift in Sources */,
				B8EAA7832788870900DD3813 /* Skill.swift in Sources */,
				B80D7D0A27875EA700DEB25F /* GameLogic.swift in Sources */,
				B80D7CE327847B8600DEB25F /* LeftSelectionView.swift in Sources */,
			);
			runOnlyForDeploymentPostprocessing = 0;
		};
		B80D7CAD278345EE00DEB25F /* Sources */ = {
			isa = PBXSourcesBuildPhase;
			buildActionMask = 2147483647;
			files = (
				B80D7CB6278345EE00DEB25F /* MagikoTests.swift in Sources */,
			);
			runOnlyForDeploymentPostprocessing = 0;
		};
/* End PBXSourcesBuildPhase section */

/* Begin PBXTargetDependency section */
		B80D7CB3278345EE00DEB25F /* PBXTargetDependency */ = {
			isa = PBXTargetDependency;
			target = B80D7CA0278345EC00DEB25F /* Magiko */;
			targetProxy = B80D7CB2278345EE00DEB25F /* PBXContainerItemProxy */;
		};
/* End PBXTargetDependency section */

/* Begin XCBuildConfiguration section */
		B80D7CC3278345EE00DEB25F /* Debug */ = {
			isa = XCBuildConfiguration;
			buildSettings = {
				ALWAYS_SEARCH_USER_PATHS = NO;
				CLANG_ANALYZER_NONNULL = YES;
				CLANG_ANALYZER_NUMBER_OBJECT_CONVERSION = YES_AGGRESSIVE;
				CLANG_CXX_LANGUAGE_STANDARD = "gnu++17";
				CLANG_CXX_LIBRARY = "libc++";
				CLANG_ENABLE_MODULES = YES;
				CLANG_ENABLE_OBJC_ARC = YES;
				CLANG_ENABLE_OBJC_WEAK = YES;
				CLANG_WARN_BLOCK_CAPTURE_AUTORELEASING = YES;
				CLANG_WARN_BOOL_CONVERSION = YES;
				CLANG_WARN_COMMA = YES;
				CLANG_WARN_CONSTANT_CONVERSION = YES;
				CLANG_WARN_DEPRECATED_OBJC_IMPLEMENTATIONS = YES;
				CLANG_WARN_DIRECT_OBJC_ISA_USAGE = YES_ERROR;
				CLANG_WARN_DOCUMENTATION_COMMENTS = YES;
				CLANG_WARN_EMPTY_BODY = YES;
				CLANG_WARN_ENUM_CONVERSION = YES;
				CLANG_WARN_INFINITE_RECURSION = YES;
				CLANG_WARN_INT_CONVERSION = YES;
				CLANG_WARN_NON_LITERAL_NULL_CONVERSION = YES;
				CLANG_WARN_OBJC_IMPLICIT_RETAIN_SELF = YES;
				CLANG_WARN_OBJC_LITERAL_CONVERSION = YES;
				CLANG_WARN_OBJC_ROOT_CLASS = YES_ERROR;
				CLANG_WARN_QUOTED_INCLUDE_IN_FRAMEWORK_HEADER = YES;
				CLANG_WARN_RANGE_LOOP_ANALYSIS = YES;
				CLANG_WARN_STRICT_PROTOTYPES = YES;
				CLANG_WARN_SUSPICIOUS_MOVE = YES;
				CLANG_WARN_UNGUARDED_AVAILABILITY = YES_AGGRESSIVE;
				CLANG_WARN_UNREACHABLE_CODE = YES;
				CLANG_WARN__DUPLICATE_METHOD_MATCH = YES;
				COPY_PHASE_STRIP = NO;
				DEBUG_INFORMATION_FORMAT = dwarf;
				ENABLE_STRICT_OBJC_MSGSEND = YES;
				ENABLE_TESTABILITY = YES;
				GCC_C_LANGUAGE_STANDARD = gnu11;
				GCC_DYNAMIC_NO_PIC = NO;
				GCC_NO_COMMON_BLOCKS = YES;
				GCC_OPTIMIZATION_LEVEL = 0;
				GCC_PREPROCESSOR_DEFINITIONS = (
					"DEBUG=1",
					"$(inherited)",
				);
				GCC_WARN_64_TO_32_BIT_CONVERSION = YES;
				GCC_WARN_ABOUT_RETURN_TYPE = YES_ERROR;
				GCC_WARN_UNDECLARED_SELECTOR = YES;
				GCC_WARN_UNINITIALIZED_AUTOS = YES_AGGRESSIVE;
				GCC_WARN_UNUSED_FUNCTION = YES;
				GCC_WARN_UNUSED_VARIABLE = YES;
				IPHONEOS_DEPLOYMENT_TARGET = 15.0;
				MTL_ENABLE_DEBUG_INFO = INCLUDE_SOURCE;
				MTL_FAST_MATH = YES;
				ONLY_ACTIVE_ARCH = YES;
				SDKROOT = iphoneos;
				SWIFT_ACTIVE_COMPILATION_CONDITIONS = DEBUG;
				SWIFT_OPTIMIZATION_LEVEL = "-Onone";
			};
			name = Debug;
		};
		B80D7CC4278345EE00DEB25F /* Release */ = {
			isa = XCBuildConfiguration;
			buildSettings = {
				ALWAYS_SEARCH_USER_PATHS = NO;
				CLANG_ANALYZER_NONNULL = YES;
				CLANG_ANALYZER_NUMBER_OBJECT_CONVERSION = YES_AGGRESSIVE;
				CLANG_CXX_LANGUAGE_STANDARD = "gnu++17";
				CLANG_CXX_LIBRARY = "libc++";
				CLANG_ENABLE_MODULES = YES;
				CLANG_ENABLE_OBJC_ARC = YES;
				CLANG_ENABLE_OBJC_WEAK = YES;
				CLANG_WARN_BLOCK_CAPTURE_AUTORELEASING = YES;
				CLANG_WARN_BOOL_CONVERSION = YES;
				CLANG_WARN_COMMA = YES;
				CLANG_WARN_CONSTANT_CONVERSION = YES;
				CLANG_WARN_DEPRECATED_OBJC_IMPLEMENTATIONS = YES;
				CLANG_WARN_DIRECT_OBJC_ISA_USAGE = YES_ERROR;
				CLANG_WARN_DOCUMENTATION_COMMENTS = YES;
				CLANG_WARN_EMPTY_BODY = YES;
				CLANG_WARN_ENUM_CONVERSION = YES;
				CLANG_WARN_INFINITE_RECURSION = YES;
				CLANG_WARN_INT_CONVERSION = YES;
				CLANG_WARN_NON_LITERAL_NULL_CONVERSION = YES;
				CLANG_WARN_OBJC_IMPLICIT_RETAIN_SELF = YES;
				CLANG_WARN_OBJC_LITERAL_CONVERSION = YES;
				CLANG_WARN_OBJC_ROOT_CLASS = YES_ERROR;
				CLANG_WARN_QUOTED_INCLUDE_IN_FRAMEWORK_HEADER = YES;
				CLANG_WARN_RANGE_LOOP_ANALYSIS = YES;
				CLANG_WARN_STRICT_PROTOTYPES = YES;
				CLANG_WARN_SUSPICIOUS_MOVE = YES;
				CLANG_WARN_UNGUARDED_AVAILABILITY = YES_AGGRESSIVE;
				CLANG_WARN_UNREACHABLE_CODE = YES;
				CLANG_WARN__DUPLICATE_METHOD_MATCH = YES;
				COPY_PHASE_STRIP = NO;
				DEBUG_INFORMATION_FORMAT = "dwarf-with-dsym";
				ENABLE_NS_ASSERTIONS = NO;
				ENABLE_STRICT_OBJC_MSGSEND = YES;
				GCC_C_LANGUAGE_STANDARD = gnu11;
				GCC_NO_COMMON_BLOCKS = YES;
				GCC_WARN_64_TO_32_BIT_CONVERSION = YES;
				GCC_WARN_ABOUT_RETURN_TYPE = YES_ERROR;
				GCC_WARN_UNDECLARED_SELECTOR = YES;
				GCC_WARN_UNINITIALIZED_AUTOS = YES_AGGRESSIVE;
				GCC_WARN_UNUSED_FUNCTION = YES;
				GCC_WARN_UNUSED_VARIABLE = YES;
				IPHONEOS_DEPLOYMENT_TARGET = 15.0;
				MTL_ENABLE_DEBUG_INFO = NO;
				MTL_FAST_MATH = YES;
				SDKROOT = iphoneos;
				SWIFT_COMPILATION_MODE = wholemodule;
				SWIFT_OPTIMIZATION_LEVEL = "-O";
				VALIDATE_PRODUCT = YES;
			};
			name = Release;
		};
		B80D7CC6278345EE00DEB25F /* Debug */ = {
			isa = XCBuildConfiguration;
			buildSettings = {
				ASSETCATALOG_COMPILER_APPICON_NAME = AppIcon;
				ASSETCATALOG_COMPILER_GLOBAL_ACCENT_COLOR_NAME = AccentColor;
				CODE_SIGN_STYLE = Automatic;
				CURRENT_PROJECT_VERSION = 1;
				DEVELOPMENT_ASSET_PATHS = "\"Magiko/Preview Content\"";
				DEVELOPMENT_TEAM = 37V7Q3S6X2;
				ENABLE_PREVIEWS = YES;
				GENERATE_INFOPLIST_FILE = YES;
				INFOPLIST_KEY_UIApplicationSceneManifest_Generation = YES;
				INFOPLIST_KEY_UIApplicationSupportsIndirectInputEvents = YES;
				INFOPLIST_KEY_UILaunchScreen_Generation = YES;
				INFOPLIST_KEY_UIRequiresFullScreen = YES;
				INFOPLIST_KEY_UIStatusBarHidden = YES;
				INFOPLIST_KEY_UISupportedInterfaceOrientations = "UIInterfaceOrientationLandscapeLeft UIInterfaceOrientationLandscapeRight";
				INFOPLIST_KEY_UISupportedInterfaceOrientations_iPad = "UIInterfaceOrientationLandscapeLeft UIInterfaceOrientationLandscapeRight";
				INFOPLIST_KEY_UISupportedInterfaceOrientations_iPhone = "UIInterfaceOrientationLandscapeLeft UIInterfaceOrientationLandscapeRight";
				IPHONEOS_DEPLOYMENT_TARGET = 15.0;
				LD_RUNPATH_SEARCH_PATHS = (
					"$(inherited)",
					"@executable_path/Frameworks",
				);
				MARKETING_VERSION = 1.0;
				PRODUCT_BUNDLE_IDENTIFIER = game.Magiko;
				PRODUCT_NAME = "$(TARGET_NAME)";
				SWIFT_EMIT_LOC_STRINGS = YES;
				SWIFT_VERSION = 5.0;
				TARGETED_DEVICE_FAMILY = 1;
			};
			name = Debug;
		};
		B80D7CC7278345EE00DEB25F /* Release */ = {
			isa = XCBuildConfiguration;
			buildSettings = {
				ASSETCATALOG_COMPILER_APPICON_NAME = AppIcon;
				ASSETCATALOG_COMPILER_GLOBAL_ACCENT_COLOR_NAME = AccentColor;
				CODE_SIGN_STYLE = Automatic;
				CURRENT_PROJECT_VERSION = 1;
				DEVELOPMENT_ASSET_PATHS = "\"Magiko/Preview Content\"";
				DEVELOPMENT_TEAM = 37V7Q3S6X2;
				ENABLE_PREVIEWS = YES;
				GENERATE_INFOPLIST_FILE = YES;
				INFOPLIST_KEY_UIApplicationSceneManifest_Generation = YES;
				INFOPLIST_KEY_UIApplicationSupportsIndirectInputEvents = YES;
				INFOPLIST_KEY_UILaunchScreen_Generation = YES;
				INFOPLIST_KEY_UIRequiresFullScreen = YES;
				INFOPLIST_KEY_UIStatusBarHidden = YES;
				INFOPLIST_KEY_UISupportedInterfaceOrientations = "UIInterfaceOrientationLandscapeLeft UIInterfaceOrientationLandscapeRight";
				INFOPLIST_KEY_UISupportedInterfaceOrientations_iPad = "UIInterfaceOrientationLandscapeLeft UIInterfaceOrientationLandscapeRight";
				INFOPLIST_KEY_UISupportedInterfaceOrientations_iPhone = "UIInterfaceOrientationLandscapeLeft UIInterfaceOrientationLandscapeRight";
				IPHONEOS_DEPLOYMENT_TARGET = 15.0;
				LD_RUNPATH_SEARCH_PATHS = (
					"$(inherited)",
					"@executable_path/Frameworks",
				);
				MARKETING_VERSION = 1.0;
				PRODUCT_BUNDLE_IDENTIFIER = game.Magiko;
				PRODUCT_NAME = "$(TARGET_NAME)";
				SWIFT_EMIT_LOC_STRINGS = YES;
				SWIFT_VERSION = 5.0;
				TARGETED_DEVICE_FAMILY = 1;
			};
			name = Release;
		};
		B80D7CC9278345EE00DEB25F /* Debug */ = {
			isa = XCBuildConfiguration;
			buildSettings = {
				ALWAYS_EMBED_SWIFT_STANDARD_LIBRARIES = YES;
				BUNDLE_LOADER = "$(TEST_HOST)";
				CODE_SIGN_STYLE = Automatic;
				CURRENT_PROJECT_VERSION = 1;
				DEVELOPMENT_TEAM = 37V7Q3S6X2;
				GENERATE_INFOPLIST_FILE = YES;
				IPHONEOS_DEPLOYMENT_TARGET = 15.0;
				LD_RUNPATH_SEARCH_PATHS = (
					"$(inherited)",
					"@executable_path/Frameworks",
					"@loader_path/Frameworks",
				);
				MARKETING_VERSION = 1.0;
				PRODUCT_BUNDLE_IDENTIFIER = game.MagikoTests;
				PRODUCT_NAME = "$(TARGET_NAME)";
				SWIFT_EMIT_LOC_STRINGS = NO;
				SWIFT_VERSION = 5.0;
				TARGETED_DEVICE_FAMILY = "1,2";
				TEST_HOST = "$(BUILT_PRODUCTS_DIR)/Magiko.app/Magiko";
			};
			name = Debug;
		};
		B80D7CCA278345EE00DEB25F /* Release */ = {
			isa = XCBuildConfiguration;
			buildSettings = {
				ALWAYS_EMBED_SWIFT_STANDARD_LIBRARIES = YES;
				BUNDLE_LOADER = "$(TEST_HOST)";
				CODE_SIGN_STYLE = Automatic;
				CURRENT_PROJECT_VERSION = 1;
				DEVELOPMENT_TEAM = 37V7Q3S6X2;
				GENERATE_INFOPLIST_FILE = YES;
				IPHONEOS_DEPLOYMENT_TARGET = 15.0;
				LD_RUNPATH_SEARCH_PATHS = (
					"$(inherited)",
					"@executable_path/Frameworks",
					"@loader_path/Frameworks",
				);
				MARKETING_VERSION = 1.0;
				PRODUCT_BUNDLE_IDENTIFIER = game.MagikoTests;
				PRODUCT_NAME = "$(TARGET_NAME)";
				SWIFT_EMIT_LOC_STRINGS = NO;
				SWIFT_VERSION = 5.0;
				TARGETED_DEVICE_FAMILY = "1,2";
				TEST_HOST = "$(BUILT_PRODUCTS_DIR)/Magiko.app/Magiko";
			};
			name = Release;
		};
/* End XCBuildConfiguration section */

/* Begin XCConfigurationList section */
		B80D7C9C278345EC00DEB25F /* Build configuration list for PBXProject "Magiko" */ = {
			isa = XCConfigurationList;
			buildConfigurations = (
				B80D7CC3278345EE00DEB25F /* Debug */,
				B80D7CC4278345EE00DEB25F /* Release */,
			);
			defaultConfigurationIsVisible = 0;
			defaultConfigurationName = Release;
		};
		B80D7CC5278345EE00DEB25F /* Build configuration list for PBXNativeTarget "Magiko" */ = {
			isa = XCConfigurationList;
			buildConfigurations = (
				B80D7CC6278345EE00DEB25F /* Debug */,
				B80D7CC7278345EE00DEB25F /* Release */,
			);
			defaultConfigurationIsVisible = 0;
			defaultConfigurationName = Release;
		};
		B80D7CC8278345EE00DEB25F /* Build configuration list for PBXNativeTarget "MagikoTests" */ = {
			isa = XCConfigurationList;
			buildConfigurations = (
				B80D7CC9278345EE00DEB25F /* Debug */,
				B80D7CCA278345EE00DEB25F /* Release */,
			);
			defaultConfigurationIsVisible = 0;
			defaultConfigurationName = Release;
		};
/* End XCConfigurationList section */
	};
	rootObject = B80D7C99278345EC00DEB25F /* Project object */;
}
